
Microsoft Visual Studio Solution File, Format Version 12.00
# Visual Studio 2017
Project("{FAE04EC0-301F-11D3-BF4B-00C04F79EFBC}") = "manufacturing-vr", "manufacturing-vr.csproj", "{9D38F650-DCC2-E9B0-E00B-FCAA38A2DC2E}"
EndProject
Project("{FAE04EC0-301F-11D3-BF4B-00C04F79EFBC}") = "manufacturing-vr.Editor", "manufacturing-vr.Editor.csproj", "{37BE4E45-C70C-34DB-A740-9A7F25A7BE41}"
EndProject
Global
	GlobalSection(SolutionConfigurationPlatforms) = preSolution
		Debug|Any CPU = Debug|Any CPU
		Release|Any CPU = Release|Any CPU
	EndGlobalSection
	GlobalSection(ProjectConfigurationPlatforms) = postSolution
		{9D38F650-DCC2-E9B0-E00B-FCAA38A2DC2E}.Debug|Any CPU.ActiveCfg = Debug|Any CPU
		{9D38F650-DCC2-E9B0-E00B-FCAA38A2DC2E}.Debug|Any CPU.Build.0 = Debug|Any CPU
		{9D38F650-DCC2-E9B0-E00B-FCAA38A2DC2E}.Release|Any CPU.ActiveCfg = Release|Any CPU
		{9D38F650-DCC2-E9B0-E00B-FCAA38A2DC2E}.Release|Any CPU.Build.0 = Release|Any CPU
		{37BE4E45-C70C-34DB-A740-9A7F25A7BE41}.Debug|Any CPU.ActiveCfg = Debug|Any CPU
		{37BE4E45-C70C-34DB-A740-9A7F25A7BE41}.Debug|Any CPU.Build.0 = Debug|Any CPU
		{37BE4E45-C70C-34DB-A740-9A7F25A7BE41}.Release|Any CPU.ActiveCfg = Release|Any CPU
		{37BE4E45-C70C-34DB-A740-9A7F25A7BE41}.Release|Any CPU.Build.0 = Release|Any CPU
	EndGlobalSection
	GlobalSection(SolutionProperties) = preSolution
		HideSolutionNode = FALSE
	EndGlobalSection
EndGlobal
